
Microsoft Visual Studio Solution File, Format Version 12.00
# Visual Studio Version 17
VisualStudioVersion = 17.3.32922.545
MinimumVisualStudioVersion = 10.0.40219.1
Project("{FAE04EC0-301F-11D3-BF4B-00C04F79EFBC}") = "Assignment2_test", "Assignment2_test\Assignment2_test.csproj", "{5FE843D0-525A-4218-ADF3-F1D83ABD9DAC}"
EndProject
Project("{9A19103F-16F7-4668-BE54-9A1E7A4F7556}") = "Converter_test", "Converter_test\Converter_test.csproj", "{EE0467FF-B31A-43FD-9864-D68856857FBE}"
EndProject
Project("{FAE04EC0-301F-11D3-BF4B-00C04F79EFBC}") = "BowlingGame", "BowlingGame\BowlingGame.csproj", "{4AB52AF5-F31C-47E9-8FCA-5D6FD561435F}"
EndProject
Global
	GlobalSection(SolutionConfigurationPlatforms) = preSolution
		Debug|Any CPU = Debug|Any CPU
		Release|Any CPU = Release|Any CPU
	EndGlobalSection
	GlobalSection(ProjectConfigurationPlatforms) = postSolution
		{5FE843D0-525A-4218-ADF3-F1D83ABD9DAC}.Debug|Any CPU.ActiveCfg = Debug|Any CPU
		{5FE843D0-525A-4218-ADF3-F1D83ABD9DAC}.Debug|Any CPU.Build.0 = Debug|Any CPU
		{5FE843D0-525A-4218-ADF3-F1D83ABD9DAC}.Release|Any CPU.ActiveCfg = Release|Any CPU
		{5FE843D0-525A-4218-ADF3-F1D83ABD9DAC}.Release|Any CPU.Build.0 = Release|Any CPU
		{EE0467FF-B31A-43FD-9864-D68856857FBE}.Debug|Any CPU.ActiveCfg = Debug|Any CPU
		{EE0467FF-B31A-43FD-9864-D68856857FBE}.Debug|Any CPU.Build.0 = Debug|Any CPU
		{EE0467FF-B31A-43FD-9864-D68856857FBE}.Release|Any CPU.ActiveCfg = Release|Any CPU
		{EE0467FF-B31A-43FD-9864-D68856857FBE}.Release|Any CPU.Build.0 = Release|Any CPU
		{4AB52AF5-F31C-47E9-8FCA-5D6FD561435F}.Debug|Any CPU.ActiveCfg = Debug|Any CPU
		{4AB52AF5-F31C-47E9-8FCA-5D6FD561435F}.Debug|Any CPU.Build.0 = Debug|Any CPU
		{4AB52AF5-F31C-47E9-8FCA-5D6FD561435F}.Release|Any CPU.ActiveCfg = Release|Any CPU
		{4AB52AF5-F31C-47E9-8FCA-5D6FD561435F}.Release|Any CPU.Build.0 = Release|Any CPU
	EndGlobalSection
	GlobalSection(SolutionProperties) = preSolution
		HideSolutionNode = FALSE
	EndGlobalSection
	GlobalSection(ExtensibilityGlobals) = postSolution
		SolutionGuid = {D000AB67-0165-451D-A6F6-8340757F82C5}
	EndGlobalSection
EndGlobal
